
Microsoft Visual Studio Solution File, Format Version 12.00
# Visual Studio 15
VisualStudioVersion = 15.0.27703.2042
MinimumVisualStudioVersion = 10.0.40219.1
Project("{9A19103F-16F7-4668-BE54-9A1E7A4F7556}") = "JagiCore", "JagiCore\JagiCore.csproj", "{3BDDD34F-93BC-4F5D-A88F-3424100A8E94}"
EndProject
Project("{9A19103F-16F7-4668-BE54-9A1E7A4F7556}") = "JagiCore.Admin", "JagiCore.Admin\JagiCore.Admin.csproj", "{2851617C-DD94-4F15-8B00-9623BA9EEC9D}"
EndProject
Project("{9A19103F-16F7-4668-BE54-9A1E7A4F7556}") = "JagiCoreTests", "JagiCoreTests\JagiCoreTests.csproj", "{E35228B0-8117-4BA3-B882-2DB735276899}"
EndProject
Project("{FAE04EC0-301F-11D3-BF4B-00C04F79EFBC}") = "JagiCore.Admin.Tests", "JagiCore.Admin.Tests\JagiCore.Admin.Tests.csproj", "{0738D791-6A85-4C2E-BF5F-C26DB8E08558}"
EndProject
Global
	GlobalSection(SolutionConfigurationPlatforms) = preSolution
		Debug|Any CPU = Debug|Any CPU
		Release|Any CPU = Release|Any CPU
	EndGlobalSection
	GlobalSection(ProjectConfigurationPlatforms) = postSolution
		{3BDDD34F-93BC-4F5D-A88F-3424100A8E94}.Debug|Any CPU.ActiveCfg = Debug|Any CPU
		{3BDDD34F-93BC-4F5D-A88F-3424100A8E94}.Debug|Any CPU.Build.0 = Debug|Any CPU
		{3BDDD34F-93BC-4F5D-A88F-3424100A8E94}.Release|Any CPU.ActiveCfg = Release|Any CPU
		{3BDDD34F-93BC-4F5D-A88F-3424100A8E94}.Release|Any CPU.Build.0 = Release|Any CPU
		{2851617C-DD94-4F15-8B00-9623BA9EEC9D}.Debug|Any CPU.ActiveCfg = Debug|Any CPU
		{2851617C-DD94-4F15-8B00-9623BA9EEC9D}.Debug|Any CPU.Build.0 = Debug|Any CPU
		{2851617C-DD94-4F15-8B00-9623BA9EEC9D}.Release|Any CPU.ActiveCfg = Release|Any CPU
		{2851617C-DD94-4F15-8B00-9623BA9EEC9D}.Release|Any CPU.Build.0 = Release|Any CPU
		{E35228B0-8117-4BA3-B882-2DB735276899}.Debug|Any CPU.ActiveCfg = Debug|Any CPU
		{E35228B0-8117-4BA3-B882-2DB735276899}.Debug|Any CPU.Build.0 = Debug|Any CPU
		{E35228B0-8117-4BA3-B882-2DB735276899}.Release|Any CPU.ActiveCfg = Release|Any CPU
		{E35228B0-8117-4BA3-B882-2DB735276899}.Release|Any CPU.Build.0 = Release|Any CPU
		{0738D791-6A85-4C2E-BF5F-C26DB8E08558}.Debug|Any CPU.ActiveCfg = Debug|Any CPU
		{0738D791-6A85-4C2E-BF5F-C26DB8E08558}.Debug|Any CPU.Build.0 = Debug|Any CPU
		{0738D791-6A85-4C2E-BF5F-C26DB8E08558}.Release|Any CPU.ActiveCfg = Release|Any CPU
		{0738D791-6A85-4C2E-BF5F-C26DB8E08558}.Release|Any CPU.Build.0 = Release|Any CPU
	EndGlobalSection
	GlobalSection(SolutionProperties) = preSolution
		HideSolutionNode = FALSE
	EndGlobalSection
	GlobalSection(ExtensibilityGlobals) = postSolution
		SolutionGuid = {30387838-AD52-40C3-BAAA-CE797E8DE009}
	EndGlobalSection
EndGlobal
